
Microsoft Visual Studio Solution File, Format Version 12.00
# Visual Studio 2012
Project("{FAE04EC0-301F-11D3-BF4B-00C04F79EFBC}") = "GetGeolocationEvent", "GetGeolocationEvent\GetGeolocationEvent.csproj", "{32455182-8069-4B01-9495-779F6EE72938}"
EndProject
Project("{FAE04EC0-301F-11D3-BF4B-00C04F79EFBC}") = "GetGeolocationEventWeb", "GetGeolocationEventWeb\GetGeolocationEventWeb.csproj", "{7C8BB01E-ABAB-4186-B5FB-203D0F0F3330}"
EndProject
Global
	GlobalSection(TeamFoundationVersionControl) = preSolution
		SccNumberOfProjects = 3
		SccEnterpriseProvider = {4CA58AB2-18FA-4F8D-95D4-32DDF27D184C}
		SccTeamFoundationServer = https://eichlereducation.visualstudio.com/defaultcollection
		SccLocalPath0 = .
		SccProjectUniqueName1 = GetGeolocationEvent\\GetGeolocationEvent.csproj
		SccProjectName1 = GetGeolocationEvent
		SccLocalPath1 = GetGeolocationEvent
		SccProjectUniqueName2 = GetGeolocationEventWeb\\GetGeolocationEventWeb.csproj
		SccProjectName2 = GetGeolocationEventWeb
		SccLocalPath2 = GetGeolocationEventWeb
	EndGlobalSection
	GlobalSection(SolutionConfigurationPlatforms) = preSolution
		Debug|Any CPU = Debug|Any CPU
		Release|Any CPU = Release|Any CPU
	EndGlobalSection
	GlobalSection(ProjectConfigurationPlatforms) = postSolution
		{32455182-8069-4B01-9495-779F6EE72938}.Debug|Any CPU.ActiveCfg = Debug|Any CPU
		{32455182-8069-4B01-9495-779F6EE72938}.Debug|Any CPU.Build.0 = Debug|Any CPU
		{32455182-8069-4B01-9495-779F6EE72938}.Debug|Any CPU.Deploy.0 = Debug|Any CPU
		{32455182-8069-4B01-9495-779F6EE72938}.Release|Any CPU.ActiveCfg = Release|Any CPU
		{32455182-8069-4B01-9495-779F6EE72938}.Release|Any CPU.Build.0 = Release|Any CPU
		{32455182-8069-4B01-9495-779F6EE72938}.Release|Any CPU.Deploy.0 = Release|Any CPU
		{7C8BB01E-ABAB-4186-B5FB-203D0F0F3330}.Debug|Any CPU.ActiveCfg = Debug|Any CPU
		{7C8BB01E-ABAB-4186-B5FB-203D0F0F3330}.Debug|Any CPU.Build.0 = Debug|Any CPU
		{7C8BB01E-ABAB-4186-B5FB-203D0F0F3330}.Release|Any CPU.ActiveCfg = Release|Any CPU
		{7C8BB01E-ABAB-4186-B5FB-203D0F0F3330}.Release|Any CPU.Build.0 = Release|Any CPU
	EndGlobalSection
	GlobalSection(SolutionProperties) = preSolution
		HideSolutionNode = FALSE
	EndGlobalSection
EndGlobal
